
Microsoft Visual Studio Solution File, Format Version 12.00
# Visual Studio Version 17
VisualStudioVersion = 17.3.32811.315
MinimumVisualStudioVersion = 10.0.40219.1
Project("{FAE04EC0-301F-11D3-BF4B-00C04F79EFBC}") = "test_29.09", "test_29.09\test_29.09.csproj", "{01B0E470-FC82-498E-93A7-8443CA252471}"
EndProject
Global
	GlobalSection(SolutionConfigurationPlatforms) = preSolution
		Debug|Any CPU = Debug|Any CPU
		Release|Any CPU = Release|Any CPU
	EndGlobalSection
	GlobalSection(ProjectConfigurationPlatforms) = postSolution
		{01B0E470-FC82-498E-93A7-8443CA252471}.Debug|Any CPU.ActiveCfg = Debug|Any CPU
		{01B0E470-FC82-498E-93A7-8443CA252471}.Debug|Any CPU.Build.0 = Debug|Any CPU
		{01B0E470-FC82-498E-93A7-8443CA252471}.Release|Any CPU.ActiveCfg = Release|Any CPU
		{01B0E470-FC82-498E-93A7-8443CA252471}.Release|Any CPU.Build.0 = Release|Any CPU
	EndGlobalSection
	GlobalSection(SolutionProperties) = preSolution
		HideSolutionNode = FALSE
	EndGlobalSection
	GlobalSection(ExtensibilityGlobals) = postSolution
		SolutionGuid = {DE8B57FF-908E-43D1-9BA4-3FACDA44FD13}
	EndGlobalSection
EndGlobal
